
Microsoft Visual Studio Solution File, Format Version 12.00
# Visual Studio Version 17
VisualStudioVersion = 17.3.32929.385
MinimumVisualStudioVersion = 10.0.40219.1
Project("{FAE04EC0-301F-11D3-BF4B-00C04F79EFBC}") = "04. Sum of Two Numbers", "04. Sum of Two Numbers.csproj", "{A882CCF2-5735-47F2-8AD5-1D28C40B6872}"
EndProject
Global
	GlobalSection(SolutionConfigurationPlatforms) = preSolution
		Debug|Any CPU = Debug|Any CPU
		Release|Any CPU = Release|Any CPU
	EndGlobalSection
	GlobalSection(ProjectConfigurationPlatforms) = postSolution
		{A882CCF2-5735-47F2-8AD5-1D28C40B6872}.Debug|Any CPU.ActiveCfg = Debug|Any CPU
		{A882CCF2-5735-47F2-8AD5-1D28C40B6872}.Debug|Any CPU.Build.0 = Debug|Any CPU
		{A882CCF2-5735-47F2-8AD5-1D28C40B6872}.Release|Any CPU.ActiveCfg = Release|Any CPU
		{A882CCF2-5735-47F2-8AD5-1D28C40B6872}.Release|Any CPU.Build.0 = Release|Any CPU
	EndGlobalSection
	GlobalSection(SolutionProperties) = preSolution
		HideSolutionNode = FALSE
	EndGlobalSection
	GlobalSection(ExtensibilityGlobals) = postSolution
		SolutionGuid = {BADADCF7-22B3-4383-8929-D27C1D02ED8D}
	EndGlobalSection
EndGlobal
